
Microsoft Visual Studio Solution File, Format Version 12.00
# Visual Studio 15
VisualStudioVersion = 15.0.27004.2005
MinimumVisualStudioVersion = 10.0.40219.1
Project("{8BC9CEB8-8B4A-11D0-8D11-00A0C91BC942}") = "6.37", "6.37\6.37.vcxproj", "{C2EAB6CC-7C97-4539-BA9C-BCE01EA6A6D9}"
EndProject
Global
	GlobalSection(SolutionConfigurationPlatforms) = preSolution
		Debug|x64 = Debug|x64
		Debug|x86 = Debug|x86
		Release|x64 = Release|x64
		Release|x86 = Release|x86
	EndGlobalSection
	GlobalSection(ProjectConfigurationPlatforms) = postSolution
		{C2EAB6CC-7C97-4539-BA9C-BCE01EA6A6D9}.Debug|x64.ActiveCfg = Debug|x64
		{C2EAB6CC-7C97-4539-BA9C-BCE01EA6A6D9}.Debug|x64.Build.0 = Debug|x64
		{C2EAB6CC-7C97-4539-BA9C-BCE01EA6A6D9}.Debug|x86.ActiveCfg = Debug|Win32
		{C2EAB6CC-7C97-4539-BA9C-BCE01EA6A6D9}.Debug|x86.Build.0 = Debug|Win32
		{C2EAB6CC-7C97-4539-BA9C-BCE01EA6A6D9}.Release|x64.ActiveCfg = Release|x64
		{C2EAB6CC-7C97-4539-BA9C-BCE01EA6A6D9}.Release|x64.Build.0 = Release|x64
		{C2EAB6CC-7C97-4539-BA9C-BCE01EA6A6D9}.Release|x86.ActiveCfg = Release|Win32
		{C2EAB6CC-7C97-4539-BA9C-BCE01EA6A6D9}.Release|x86.Build.0 = Release|Win32
	EndGlobalSection
	GlobalSection(SolutionProperties) = preSolution
		HideSolutionNode = FALSE
	EndGlobalSection
	GlobalSection(ExtensibilityGlobals) = postSolution
		SolutionGuid = {229BA63A-17C7-4FCA-98B2-620FA294D641}
	EndGlobalSection
EndGlobal
